
Microsoft Visual Studio Solution File, Format Version 12.00
# Visual Studio Version 17
VisualStudioVersion = 17.4.33205.214
MinimumVisualStudioVersion = 10.0.40219.1
Project("{9A19103F-16F7-4668-BE54-9A1E7A4F7556}") = "coffee_shop_backend", "coffee_shop_backend\coffee_shop_backend.csproj", "{EEC6A352-599C-498D-ABE5-91A0E47F11F1}"
	ProjectSection(ProjectDependencies) = postProject
		{099FE29A-3A26-43EC-822A-E657E2A66D08} = {099FE29A-3A26-43EC-822A-E657E2A66D08}
	EndProjectSection
EndProject
Project("{2150E333-8FDC-42A3-9474-1A3956D46DE8}") = "BusinessLogic", "BusinessLogic", "{3B1999C9-244B-49C5-BC45-42B751C7AD22}"
EndProject
Project("{2150E333-8FDC-42A3-9474-1A3956D46DE8}") = "DataAccess", "DataAccess", "{A05B77D0-06C5-488B-BA62-8A01F01336A5}"
EndProject
Project("{2150E333-8FDC-42A3-9474-1A3956D46DE8}") = "Common", "Common", "{1698AB42-B5E5-468C-87B0-F5E8D1F8E638}"
EndProject
Project("{2150E333-8FDC-42A3-9474-1A3956D46DE8}") = "Web", "Web", "{EB874F13-6F6B-41BF-8136-2B42EB1D4B9E}"
EndProject
Project("{9A19103F-16F7-4668-BE54-9A1E7A4F7556}") = "CoffeeShop.Service", "CoffeeShop.Service\CoffeeShop.Service.csproj", "{3DB9C398-F32C-4EA4-BAC6-0AE519DE31FA}"
	ProjectSection(ProjectDependencies) = postProject
		{099FE29A-3A26-43EC-822A-E657E2A66D08} = {099FE29A-3A26-43EC-822A-E657E2A66D08}
	EndProjectSection
EndProject
Project("{9A19103F-16F7-4668-BE54-9A1E7A4F7556}") = "CoffeeShop.Repository", "CoffeeShop.Repository\CoffeeShop.Repository.csproj", "{4D0951D2-CE4C-474F-8A23-DF749947FA3A}"
	ProjectSection(ProjectDependencies) = postProject
		{BFD6D97B-37CF-4057-A005-638FF00E3445} = {BFD6D97B-37CF-4057-A005-638FF00E3445}
	EndProjectSection
EndProject
Project("{9A19103F-16F7-4668-BE54-9A1E7A4F7556}") = "CoffeeShop.Data", "CoffeeShop.Data\CoffeeShop.Data.csproj", "{BFD6D97B-37CF-4057-A005-638FF00E3445}"
	ProjectSection(ProjectDependencies) = postProject
		{099FE29A-3A26-43EC-822A-E657E2A66D08} = {099FE29A-3A26-43EC-822A-E657E2A66D08}
	EndProjectSection
EndProject
Project("{9A19103F-16F7-4668-BE54-9A1E7A4F7556}") = "CoffeeShop.Model", "CoffeeShop.Model\CoffeeShop.Model.csproj", "{099FE29A-3A26-43EC-822A-E657E2A66D08}"
EndProject
Project("{2150E333-8FDC-42A3-9474-1A3956D46DE8}") = "Console", "Console", "{DFE2C3C2-7BF3-4778-B769-AC4CEA1A710F}"
EndProject
Project("{FAE04EC0-301F-11D3-BF4B-00C04F79EFBC}") = "AccommodationDataReader", "Console\AccommodationDataReader\AccommodationDataReader.csproj", "{D275E25E-D30F-4A09-AB5B-5CF55B1B1925}"
EndProject
Project("{FAE04EC0-301F-11D3-BF4B-00C04F79EFBC}") = "ApplicationModifyCheck", "Console\ApplicationModifyCheck\ApplicationModifyCheck.csproj", "{004D73BC-E8E7-4E94-A2DE-29B745749721}"
EndProject
Project("{FAE04EC0-301F-11D3-BF4B-00C04F79EFBC}") = "CulturalAssetsDataCatcher", "Console\CulturalAssetsDataCatcher\CulturalAssetsDataCatcher.csproj", "{5847A538-CA55-463B-8A87-84469EB9F72F}"
EndProject
Project("{9A19103F-16F7-4668-BE54-9A1E7A4F7556}") = "InsertAddressData", "Console\InsertAddressData\InsertAddressData.csproj", "{1B86F2A1-466E-41DA-B755-770CE010ECC6}"
EndProject
Project("{FAE04EC0-301F-11D3-BF4B-00C04F79EFBC}") = "InstagramReader", "Console\InstagramReader\InstagramReader.csproj", "{5439F9F1-A859-454F-87FD-5F574E9FD55D}"
EndProject
Project("{FAE04EC0-301F-11D3-BF4B-00C04F79EFBC}") = "ParkNearSpot", "Console\ParkNearSpot\ParkNearSpot.csproj", "{D7678523-62E2-4475-88C5-E89283D71AE0}"
EndProject
Project("{FAE04EC0-301F-11D3-BF4B-00C04F79EFBC}") = "ScenicSpotCatcher", "Console\ScenicSpotCatcher\ScenicSpotCatcher.csproj", "{A89C5C04-81B3-4EF7-9D41-B01F6495E6C0}"
EndProject
Project("{FAE04EC0-301F-11D3-BF4B-00C04F79EFBC}") = "SocialMediaArticleReader", "Console\SocialMediaArticleReader\SocialMediaArticleReader.csproj", "{B1889C89-9D55-4DBF-BB51-FBB69E936314}"
EndProject
Project("{9A19103F-16F7-4668-BE54-9A1E7A4F7556}") = "CoffeeShop.Utility", "CoffeeShop.Utility\CoffeeShop.Utility.csproj", "{06E63EF4-8E1E-4863-B2A4-047E59A40837}"
EndProject
Global
	GlobalSection(SolutionConfigurationPlatforms) = preSolution
		Debug|Any CPU = Debug|Any CPU
		Release|Any CPU = Release|Any CPU
	EndGlobalSection
	GlobalSection(ProjectConfigurationPlatforms) = postSolution
		{EEC6A352-599C-498D-ABE5-91A0E47F11F1}.Debug|Any CPU.ActiveCfg = Debug|Any CPU
		{EEC6A352-599C-498D-ABE5-91A0E47F11F1}.Debug|Any CPU.Build.0 = Debug|Any CPU
		{EEC6A352-599C-498D-ABE5-91A0E47F11F1}.Release|Any CPU.ActiveCfg = Release|Any CPU
		{EEC6A352-599C-498D-ABE5-91A0E47F11F1}.Release|Any CPU.Build.0 = Release|Any CPU
		{3DB9C398-F32C-4EA4-BAC6-0AE519DE31FA}.Debug|Any CPU.ActiveCfg = Debug|Any CPU
		{3DB9C398-F32C-4EA4-BAC6-0AE519DE31FA}.Debug|Any CPU.Build.0 = Debug|Any CPU
		{3DB9C398-F32C-4EA4-BAC6-0AE519DE31FA}.Release|Any CPU.ActiveCfg = Release|Any CPU
		{3DB9C398-F32C-4EA4-BAC6-0AE519DE31FA}.Release|Any CPU.Build.0 = Release|Any CPU
		{4D0951D2-CE4C-474F-8A23-DF749947FA3A}.Debug|Any CPU.ActiveCfg = Debug|Any CPU
		{4D0951D2-CE4C-474F-8A23-DF749947FA3A}.Debug|Any CPU.Build.0 = Debug|Any CPU
		{4D0951D2-CE4C-474F-8A23-DF749947FA3A}.Release|Any CPU.ActiveCfg = Release|Any CPU
		{4D0951D2-CE4C-474F-8A23-DF749947FA3A}.Release|Any CPU.Build.0 = Release|Any CPU
		{BFD6D97B-37CF-4057-A005-638FF00E3445}.Debug|Any CPU.ActiveCfg = Debug|Any CPU
		{BFD6D97B-37CF-4057-A005-638FF00E3445}.Debug|Any CPU.Build.0 = Debug|Any CPU
		{BFD6D97B-37CF-4057-A005-638FF00E3445}.Release|Any CPU.ActiveCfg = Release|Any CPU
		{BFD6D97B-37CF-4057-A005-638FF00E3445}.Release|Any CPU.Build.0 = Release|Any CPU
		{099FE29A-3A26-43EC-822A-E657E2A66D08}.Debug|Any CPU.ActiveCfg = Debug|Any CPU
		{099FE29A-3A26-43EC-822A-E657E2A66D08}.Debug|Any CPU.Build.0 = Debug|Any CPU
		{099FE29A-3A26-43EC-822A-E657E2A66D08}.Release|Any CPU.ActiveCfg = Release|Any CPU
		{099FE29A-3A26-43EC-822A-E657E2A66D08}.Release|Any CPU.Build.0 = Release|Any CPU
		{D275E25E-D30F-4A09-AB5B-5CF55B1B1925}.Debug|Any CPU.ActiveCfg = Debug|Any CPU
		{D275E25E-D30F-4A09-AB5B-5CF55B1B1925}.Debug|Any CPU.Build.0 = Debug|Any CPU
		{D275E25E-D30F-4A09-AB5B-5CF55B1B1925}.Release|Any CPU.ActiveCfg = Release|Any CPU
		{D275E25E-D30F-4A09-AB5B-5CF55B1B1925}.Release|Any CPU.Build.0 = Release|Any CPU
		{004D73BC-E8E7-4E94-A2DE-29B745749721}.Debug|Any CPU.ActiveCfg = Debug|Any CPU
		{004D73BC-E8E7-4E94-A2DE-29B745749721}.Debug|Any CPU.Build.0 = Debug|Any CPU
		{004D73BC-E8E7-4E94-A2DE-29B745749721}.Release|Any CPU.ActiveCfg = Release|Any CPU
		{004D73BC-E8E7-4E94-A2DE-29B745749721}.Release|Any CPU.Build.0 = Release|Any CPU
		{5847A538-CA55-463B-8A87-84469EB9F72F}.Debug|Any CPU.ActiveCfg = Debug|Any CPU
		{5847A538-CA55-463B-8A87-84469EB9F72F}.Debug|Any CPU.Build.0 = Debug|Any CPU
		{5847A538-CA55-463B-8A87-84469EB9F72F}.Release|Any CPU.ActiveCfg = Release|Any CPU
		{5847A538-CA55-463B-8A87-84469EB9F72F}.Release|Any CPU.Build.0 = Release|Any CPU
		{1B86F2A1-466E-41DA-B755-770CE010ECC6}.Debug|Any CPU.ActiveCfg = Debug|Any CPU
		{1B86F2A1-466E-41DA-B755-770CE010ECC6}.Debug|Any CPU.Build.0 = Debug|Any CPU
		{1B86F2A1-466E-41DA-B755-770CE010ECC6}.Release|Any CPU.ActiveCfg = Release|Any CPU
		{1B86F2A1-466E-41DA-B755-770CE010ECC6}.Release|Any CPU.Build.0 = Release|Any CPU
		{5439F9F1-A859-454F-87FD-5F574E9FD55D}.Debug|Any CPU.ActiveCfg = Debug|Any CPU
		{5439F9F1-A859-454F-87FD-5F574E9FD55D}.Debug|Any CPU.Build.0 = Debug|Any CPU
		{5439F9F1-A859-454F-87FD-5F574E9FD55D}.Release|Any CPU.ActiveCfg = Release|Any CPU
		{5439F9F1-A859-454F-87FD-5F574E9FD55D}.Release|Any CPU.Build.0 = Release|Any CPU
		{D7678523-62E2-4475-88C5-E89283D71AE0}.Debug|Any CPU.ActiveCfg = Debug|Any CPU
		{D7678523-62E2-4475-88C5-E89283D71AE0}.Debug|Any CPU.Build.0 = Debug|Any CPU
		{D7678523-62E2-4475-88C5-E89283D71AE0}.Release|Any CPU.ActiveCfg = Release|Any CPU
		{D7678523-62E2-4475-88C5-E89283D71AE0}.Release|Any CPU.Build.0 = Release|Any CPU
		{A89C5C04-81B3-4EF7-9D41-B01F6495E6C0}.Debug|Any CPU.ActiveCfg = Debug|Any CPU
		{A89C5C04-81B3-4EF7-9D41-B01F6495E6C0}.Debug|Any CPU.Build.0 = Debug|Any CPU
		{A89C5C04-81B3-4EF7-9D41-B01F6495E6C0}.Release|Any CPU.ActiveCfg = Release|Any CPU
		{A89C5C04-81B3-4EF7-9D41-B01F6495E6C0}.Release|Any CPU.Build.0 = Release|Any CPU
		{B1889C89-9D55-4DBF-BB51-FBB69E936314}.Debug|Any CPU.ActiveCfg = Debug|Any CPU
		{B1889C89-9D55-4DBF-BB51-FBB69E936314}.Debug|Any CPU.Build.0 = Debug|Any CPU
		{B1889C89-9D55-4DBF-BB51-FBB69E936314}.Release|Any CPU.ActiveCfg = Release|Any CPU
		{B1889C89-9D55-4DBF-BB51-FBB69E936314}.Release|Any CPU.Build.0 = Release|Any CPU
		{06E63EF4-8E1E-4863-B2A4-047E59A40837}.Debug|Any CPU.ActiveCfg = Debug|Any CPU
		{06E63EF4-8E1E-4863-B2A4-047E59A40837}.Debug|Any CPU.Build.0 = Debug|Any CPU
		{06E63EF4-8E1E-4863-B2A4-047E59A40837}.Release|Any CPU.ActiveCfg = Release|Any CPU
		{06E63EF4-8E1E-4863-B2A4-047E59A40837}.Release|Any CPU.Build.0 = Release|Any CPU
	EndGlobalSection
	GlobalSection(SolutionProperties) = preSolution
		HideSolutionNode = FALSE
	EndGlobalSection
	GlobalSection(NestedProjects) = preSolution
		{EEC6A352-599C-498D-ABE5-91A0E47F11F1} = {EB874F13-6F6B-41BF-8136-2B42EB1D4B9E}
		{3DB9C398-F32C-4EA4-BAC6-0AE519DE31FA} = {3B1999C9-244B-49C5-BC45-42B751C7AD22}
		{4D0951D2-CE4C-474F-8A23-DF749947FA3A} = {A05B77D0-06C5-488B-BA62-8A01F01336A5}
		{BFD6D97B-37CF-4057-A005-638FF00E3445} = {1698AB42-B5E5-468C-87B0-F5E8D1F8E638}
		{099FE29A-3A26-43EC-822A-E657E2A66D08} = {1698AB42-B5E5-468C-87B0-F5E8D1F8E638}
		{D275E25E-D30F-4A09-AB5B-5CF55B1B1925} = {DFE2C3C2-7BF3-4778-B769-AC4CEA1A710F}
		{004D73BC-E8E7-4E94-A2DE-29B745749721} = {DFE2C3C2-7BF3-4778-B769-AC4CEA1A710F}
		{5847A538-CA55-463B-8A87-84469EB9F72F} = {DFE2C3C2-7BF3-4778-B769-AC4CEA1A710F}
		{1B86F2A1-466E-41DA-B755-770CE010ECC6} = {DFE2C3C2-7BF3-4778-B769-AC4CEA1A710F}
		{5439F9F1-A859-454F-87FD-5F574E9FD55D} = {DFE2C3C2-7BF3-4778-B769-AC4CEA1A710F}
		{D7678523-62E2-4475-88C5-E89283D71AE0} = {DFE2C3C2-7BF3-4778-B769-AC4CEA1A710F}
		{A89C5C04-81B3-4EF7-9D41-B01F6495E6C0} = {DFE2C3C2-7BF3-4778-B769-AC4CEA1A710F}
		{B1889C89-9D55-4DBF-BB51-FBB69E936314} = {DFE2C3C2-7BF3-4778-B769-AC4CEA1A710F}
		{06E63EF4-8E1E-4863-B2A4-047E59A40837} = {1698AB42-B5E5-468C-87B0-F5E8D1F8E638}
	EndGlobalSection
	GlobalSection(ExtensibilityGlobals) = postSolution
		SolutionGuid = {0AECFBB4-D632-4416-99E0-B6C7FCF90888}
	EndGlobalSection
EndGlobal
