
Microsoft Visual Studio Solution File, Format Version 12.00
# Visual Studio Version 17
VisualStudioVersion = 17.4.33205.214
MinimumVisualStudioVersion = 10.0.40219.1
Project("{9A19103F-16F7-4668-BE54-9A1E7A4F7556}") = "coffee_shop_backend", "coffee_shop_backend\coffee_shop_backend.csproj", "{EEC6A352-599C-498D-ABE5-91A0E47F11F1}"
	ProjectSection(ProjectDependencies) = postProject
		{099FE29A-3A26-43EC-822A-E657E2A66D08} = {099FE29A-3A26-43EC-822A-E657E2A66D08}
	EndProjectSection
EndProject
Project("{2150E333-8FDC-42A3-9474-1A3956D46DE8}") = "BusinessLogic", "BusinessLogic", "{3B1999C9-244B-49C5-BC45-42B751C7AD22}"
EndProject
Project("{2150E333-8FDC-42A3-9474-1A3956D46DE8}") = "DataAccess", "DataAccess", "{A05B77D0-06C5-488B-BA62-8A01F01336A5}"
EndProject
Project("{2150E333-8FDC-42A3-9474-1A3956D46DE8}") = "Common", "Common", "{1698AB42-B5E5-468C-87B0-F5E8D1F8E638}"
EndProject
Project("{2150E333-8FDC-42A3-9474-1A3956D46DE8}") = "Web", "Web", "{EB874F13-6F6B-41BF-8136-2B42EB1D4B9E}"
EndProject
Project("{9A19103F-16F7-4668-BE54-9A1E7A4F7556}") = "CoffeeShop.Service", "CoffeeShop.Service\CoffeeShop.Service.csproj", "{3DB9C398-F32C-4EA4-BAC6-0AE519DE31FA}"
	ProjectSection(ProjectDependencies) = postProject
		{099FE29A-3A26-43EC-822A-E657E2A66D08} = {099FE29A-3A26-43EC-822A-E657E2A66D08}
	EndProjectSection
EndProject
Project("{9A19103F-16F7-4668-BE54-9A1E7A4F7556}") = "CoffeeShop.Repository", "CoffeeShop.Repository\CoffeeShop.Repository.csproj", "{4D0951D2-CE4C-474F-8A23-DF749947FA3A}"
	ProjectSection(ProjectDependencies) = postProject
		{BFD6D97B-37CF-4057-A005-638FF00E3445} = {BFD6D97B-37CF-4057-A005-638FF00E3445}
	EndProjectSection
EndProject
Project("{9A19103F-16F7-4668-BE54-9A1E7A4F7556}") = "CoffeeShop.Data", "CoffeeShop.Data\CoffeeShop.Data.csproj", "{BFD6D97B-37CF-4057-A005-638FF00E3445}"
	ProjectSection(ProjectDependencies) = postProject
		{099FE29A-3A26-43EC-822A-E657E2A66D08} = {099FE29A-3A26-43EC-822A-E657E2A66D08}
	EndProjectSection
EndProject
Project("{9A19103F-16F7-4668-BE54-9A1E7A4F7556}") = "CoffeeShop.Model", "CoffeeShop.Model\CoffeeShop.Model.csproj", "{099FE29A-3A26-43EC-822A-E657E2A66D08}"
EndProject
Project("{9A19103F-16F7-4668-BE54-9A1E7A4F7556}") = "CoffeeShop.Utility", "CoffeeShop.Utility\CoffeeShop.Utility.csproj", "{06E63EF4-8E1E-4863-B2A4-047E59A40837}"
EndProject
Project("{2150E333-8FDC-42A3-9474-1A3956D46DE8}") = "Console", "Console", "{4E64E925-890B-4A2B-AD19-61E76CD1B770}"
EndProject
Project("{FAE04EC0-301F-11D3-BF4B-00C04F79EFBC}") = "InsertAddressData", "CoffeeShop.Console\InsertAddressData\InsertAddressData.csproj", "{9F7B7B2B-0FAA-4EF5-A5E9-4E5B76831F58}"
EndProject
Project("{FAE04EC0-301F-11D3-BF4B-00C04F79EFBC}") = "YoutubeControl", "CoffeeShop.Console\YoutubeControl\YoutubeControl.csproj", "{109DC96D-1917-48EC-B2D5-DF44C51668B9}"
EndProject
Global
	GlobalSection(SolutionConfigurationPlatforms) = preSolution
		Debug|Any CPU = Debug|Any CPU
		Release|Any CPU = Release|Any CPU
	EndGlobalSection
	GlobalSection(ProjectConfigurationPlatforms) = postSolution
		{EEC6A352-599C-498D-ABE5-91A0E47F11F1}.Debug|Any CPU.ActiveCfg = Debug|Any CPU
		{EEC6A352-599C-498D-ABE5-91A0E47F11F1}.Debug|Any CPU.Build.0 = Debug|Any CPU
		{EEC6A352-599C-498D-ABE5-91A0E47F11F1}.Release|Any CPU.ActiveCfg = Release|Any CPU
		{EEC6A352-599C-498D-ABE5-91A0E47F11F1}.Release|Any CPU.Build.0 = Release|Any CPU
		{3DB9C398-F32C-4EA4-BAC6-0AE519DE31FA}.Debug|Any CPU.ActiveCfg = Debug|Any CPU
		{3DB9C398-F32C-4EA4-BAC6-0AE519DE31FA}.Debug|Any CPU.Build.0 = Debug|Any CPU
		{3DB9C398-F32C-4EA4-BAC6-0AE519DE31FA}.Release|Any CPU.ActiveCfg = Release|Any CPU
		{3DB9C398-F32C-4EA4-BAC6-0AE519DE31FA}.Release|Any CPU.Build.0 = Release|Any CPU
		{4D0951D2-CE4C-474F-8A23-DF749947FA3A}.Debug|Any CPU.ActiveCfg = Debug|Any CPU
		{4D0951D2-CE4C-474F-8A23-DF749947FA3A}.Debug|Any CPU.Build.0 = Debug|Any CPU
		{4D0951D2-CE4C-474F-8A23-DF749947FA3A}.Release|Any CPU.ActiveCfg = Release|Any CPU
		{4D0951D2-CE4C-474F-8A23-DF749947FA3A}.Release|Any CPU.Build.0 = Release|Any CPU
		{BFD6D97B-37CF-4057-A005-638FF00E3445}.Debug|Any CPU.ActiveCfg = Debug|Any CPU
		{BFD6D97B-37CF-4057-A005-638FF00E3445}.Debug|Any CPU.Build.0 = Debug|Any CPU
		{BFD6D97B-37CF-4057-A005-638FF00E3445}.Release|Any CPU.ActiveCfg = Release|Any CPU
		{BFD6D97B-37CF-4057-A005-638FF00E3445}.Release|Any CPU.Build.0 = Release|Any CPU
		{099FE29A-3A26-43EC-822A-E657E2A66D08}.Debug|Any CPU.ActiveCfg = Debug|Any CPU
		{099FE29A-3A26-43EC-822A-E657E2A66D08}.Debug|Any CPU.Build.0 = Debug|Any CPU
		{099FE29A-3A26-43EC-822A-E657E2A66D08}.Release|Any CPU.ActiveCfg = Release|Any CPU
		{099FE29A-3A26-43EC-822A-E657E2A66D08}.Release|Any CPU.Build.0 = Release|Any CPU
		{06E63EF4-8E1E-4863-B2A4-047E59A40837}.Debug|Any CPU.ActiveCfg = Debug|Any CPU
		{06E63EF4-8E1E-4863-B2A4-047E59A40837}.Debug|Any CPU.Build.0 = Debug|Any CPU
		{06E63EF4-8E1E-4863-B2A4-047E59A40837}.Release|Any CPU.ActiveCfg = Release|Any CPU
		{06E63EF4-8E1E-4863-B2A4-047E59A40837}.Release|Any CPU.Build.0 = Release|Any CPU
		{9F7B7B2B-0FAA-4EF5-A5E9-4E5B76831F58}.Debug|Any CPU.ActiveCfg = Debug|Any CPU
		{9F7B7B2B-0FAA-4EF5-A5E9-4E5B76831F58}.Debug|Any CPU.Build.0 = Debug|Any CPU
		{9F7B7B2B-0FAA-4EF5-A5E9-4E5B76831F58}.Release|Any CPU.ActiveCfg = Release|Any CPU
		{9F7B7B2B-0FAA-4EF5-A5E9-4E5B76831F58}.Release|Any CPU.Build.0 = Release|Any CPU
		{109DC96D-1917-48EC-B2D5-DF44C51668B9}.Debug|Any CPU.ActiveCfg = Debug|Any CPU
		{109DC96D-1917-48EC-B2D5-DF44C51668B9}.Debug|Any CPU.Build.0 = Debug|Any CPU
		{109DC96D-1917-48EC-B2D5-DF44C51668B9}.Release|Any CPU.ActiveCfg = Release|Any CPU
		{109DC96D-1917-48EC-B2D5-DF44C51668B9}.Release|Any CPU.Build.0 = Release|Any CPU
	EndGlobalSection
	GlobalSection(SolutionProperties) = preSolution
		HideSolutionNode = FALSE
	EndGlobalSection
	GlobalSection(NestedProjects) = preSolution
		{EEC6A352-599C-498D-ABE5-91A0E47F11F1} = {EB874F13-6F6B-41BF-8136-2B42EB1D4B9E}
		{3DB9C398-F32C-4EA4-BAC6-0AE519DE31FA} = {3B1999C9-244B-49C5-BC45-42B751C7AD22}
		{4D0951D2-CE4C-474F-8A23-DF749947FA3A} = {A05B77D0-06C5-488B-BA62-8A01F01336A5}
		{BFD6D97B-37CF-4057-A005-638FF00E3445} = {1698AB42-B5E5-468C-87B0-F5E8D1F8E638}
		{099FE29A-3A26-43EC-822A-E657E2A66D08} = {1698AB42-B5E5-468C-87B0-F5E8D1F8E638}
		{06E63EF4-8E1E-4863-B2A4-047E59A40837} = {1698AB42-B5E5-468C-87B0-F5E8D1F8E638}
		{9F7B7B2B-0FAA-4EF5-A5E9-4E5B76831F58} = {4E64E925-890B-4A2B-AD19-61E76CD1B770}
		{109DC96D-1917-48EC-B2D5-DF44C51668B9} = {4E64E925-890B-4A2B-AD19-61E76CD1B770}
	EndGlobalSection
	GlobalSection(ExtensibilityGlobals) = postSolution
		SolutionGuid = {0AECFBB4-D632-4416-99E0-B6C7FCF90888}
	EndGlobalSection
EndGlobal
